// !$*UTF8*$!
{
	archiveVersion = 1;
	classes = {
	};
	objectVersion = 56;
	objects = {

/* Begin PBXBuildFile section */
		4501AEE8294C264100044929 /* MapView.swift in Sources */ = {isa = PBXBuildFile; fileRef = 4501AEE7294C264100044929 /* MapView.swift */; };
		4501AEEA294C307400044929 /* landmarkData.json in Resources */ = {isa = PBXBuildFile; fileRef = 4501AEE9294C307400044929 /* landmarkData.json */; };
		4501AEEC294C309600044929 /* Landmark.swift in Sources */ = {isa = PBXBuildFile; fileRef = 4501AEEB294C309600044929 /* Landmark.swift */; };
		4501AEEE294C33D900044929 /* ModelData.swift in Sources */ = {isa = PBXBuildFile; fileRef = 4501AEED294C33D900044929 /* ModelData.swift */; };
		4501AEF3294C373A00044929 /* LandmarkRow.swift in Sources */ = {isa = PBXBuildFile; fileRef = 4501AEF2294C373A00044929 /* LandmarkRow.swift */; };
		45A0C5AF2943DCFC00F020C4 /* LandmarksApp.swift in Sources */ = {isa = PBXBuildFile; fileRef = 45A0C5AE2943DCFC00F020C4 /* LandmarksApp.swift */; };
		45A0C5B12943DCFC00F020C4 /* ContentView.swift in Sources */ = {isa = PBXBuildFile; fileRef = 45A0C5B02943DCFC00F020C4 /* ContentView.swift */; };
		45A0C5B32943DCFD00F020C4 /* Assets.xcassets in Resources */ = {isa = PBXBuildFile; fileRef = 45A0C5B22943DCFD00F020C4 /* Assets.xcassets */; };
		45A0C5B62943DCFD00F020C4 /* Preview Assets.xcassets in Resources */ = {isa = PBXBuildFile; fileRef = 45A0C5B52943DCFD00F020C4 /* Preview Assets.xcassets */; };
		45A0C5BF2943E89900F020C4 /* CircleImage.swift in Sources */ = {isa = PBXBuildFile; fileRef = 45A0C5BE2943E89900F020C4 /* CircleImage.swift */; };
		45C36F6C2953E38500EC66E0 /* LandmarkList.swift in Sources */ = {isa = PBXBuildFile; fileRef = 45C36F6B2953E38500EC66E0 /* LandmarkList.swift */; };
		45C36F6E2953E5DB00EC66E0 /* LandmarkDetail.swift in Sources */ = {isa = PBXBuildFile; fileRef = 45C36F6D2953E5DB00EC66E0 /* LandmarkDetail.swift */; };
		45C36F702958EA8300EC66E0 /* FavoriteButton.swift in Sources */ = {isa = PBXBuildFile; fileRef = 45C36F6F2958EA8300EC66E0 /* FavoriteButton.swift */; };
		45C36F742959521700EC66E0 /* HexagonParameters.swift in Sources */ = {isa = PBXBuildFile; fileRef = 45C36F732959521700EC66E0 /* HexagonParameters.swift */; };
		45C36F76295953D600EC66E0 /* BadgeBackground.swift in Sources */ = {isa = PBXBuildFile; fileRef = 45C36F75295953D600EC66E0 /* BadgeBackground.swift */; };
		45C36F78295959D100EC66E0 /* BadgeSymbol.swift in Sources */ = {isa = PBXBuildFile; fileRef = 45C36F77295959D100EC66E0 /* BadgeSymbol.swift */; };
		45C36F7A29595AC300EC66E0 /* RotatedBadgeSymbol.swift in Sources */ = {isa = PBXBuildFile; fileRef = 45C36F7929595AC300EC66E0 /* RotatedBadgeSymbol.swift */; };
		45C36F7C29595B8100EC66E0 /* Badge.swift in Sources */ = {isa = PBXBuildFile; fileRef = 45C36F7B29595B8100EC66E0 /* Badge.swift */; };
		45C36F7F29595F1B00EC66E0 /* hikeData.json in Resources */ = {isa = PBXBuildFile; fileRef = 45C36F7E29595F1B00EC66E0 /* hikeData.json */; };
		45C36F8129595F4300EC66E0 /* Hike.swift in Sources */ = {isa = PBXBuildFile; fileRef = 45C36F8029595F4300EC66E0 /* Hike.swift */; };
		45C36F8729595FE500EC66E0 /* GraphCapsule.swift in Sources */ = {isa = PBXBuildFile; fileRef = 45C36F8329595FE500EC66E0 /* GraphCapsule.swift */; };
		45C36F8829595FE500EC66E0 /* HikeGraph.swift in Sources */ = {isa = PBXBuildFile; fileRef = 45C36F8429595FE500EC66E0 /* HikeGraph.swift */; };
		45C36F8929595FE500EC66E0 /* HikeDetail.swift in Sources */ = {isa = PBXBuildFile; fileRef = 45C36F8529595FE500EC66E0 /* HikeDetail.swift */; };
		45C36F8A29595FE500EC66E0 /* HikeView.swift in Sources */ = {isa = PBXBuildFile; fileRef = 45C36F8629595FE500EC66E0 /* HikeView.swift */; };
/* End PBXBuildFile section */

/* Begin PBXFileReference section */
		4501AEE7294C264100044929 /* MapView.swift */ = {isa = PBXFileReference; lastKnownFileType = sourcecode.swift; path = MapView.swift; sourceTree = "<group>"; };
		4501AEE9294C307400044929 /* landmarkData.json */ = {isa = PBXFileReference; fileEncoding = 4; lastKnownFileType = text.json; path = landmarkData.json; sourceTree = "<group>"; };
		4501AEEB294C309600044929 /* Landmark.swift */ = {isa = PBXFileReference; lastKnownFileType = sourcecode.swift; path = Landmark.swift; sourceTree = "<group>"; };
		4501AEED294C33D900044929 /* ModelData.swift */ = {isa = PBXFileReference; lastKnownFileType = sourcecode.swift; path = ModelData.swift; sourceTree = "<group>"; };
		4501AEF2294C373A00044929 /* LandmarkRow.swift */ = {isa = PBXFileReference; lastKnownFileType = sourcecode.swift; path = LandmarkRow.swift; sourceTree = "<group>"; };
		45A0C5AB2943DCFC00F020C4 /* Landmarks.app */ = {isa = PBXFileReference; explicitFileType = wrapper.application; includeInIndex = 0; path = Landmarks.app; sourceTree = BUILT_PRODUCTS_DIR; };
		45A0C5AE2943DCFC00F020C4 /* LandmarksApp.swift */ = {isa = PBXFileReference; lastKnownFileType = sourcecode.swift; path = LandmarksApp.swift; sourceTree = "<group>"; };
		45A0C5B02943DCFC00F020C4 /* ContentView.swift */ = {isa = PBXFileReference; lastKnownFileType = sourcecode.swift; path = ContentView.swift; sourceTree = "<group>"; };
		45A0C5B22943DCFD00F020C4 /* Assets.xcassets */ = {isa = PBXFileReference; lastKnownFileType = folder.assetcatalog; path = Assets.xcassets; sourceTree = "<group>"; };
		45A0C5B52943DCFD00F020C4 /* Preview Assets.xcassets */ = {isa = PBXFileReference; lastKnownFileType = folder.assetcatalog; path = "Preview Assets.xcassets"; sourceTree = "<group>"; };
		45A0C5BE2943E89900F020C4 /* CircleImage.swift */ = {isa = PBXFileReference; lastKnownFileType = sourcecode.swift; path = CircleImage.swift; sourceTree = "<group>"; };
		45C36F6B2953E38500EC66E0 /* LandmarkList.swift */ = {isa = PBXFileReference; lastKnownFileType = sourcecode.swift; path = LandmarkList.swift; sourceTree = "<group>"; };
		45C36F6D2953E5DB00EC66E0 /* LandmarkDetail.swift */ = {isa = PBXFileReference; lastKnownFileType = sourcecode.swift; path = LandmarkDetail.swift; sourceTree = "<group>"; };
		45C36F6F2958EA8300EC66E0 /* FavoriteButton.swift */ = {isa = PBXFileReference; lastKnownFileType = sourcecode.swift; path = FavoriteButton.swift; sourceTree = "<group>"; };
		45C36F732959521700EC66E0 /* HexagonParameters.swift */ = {isa = PBXFileReference; lastKnownFileType = sourcecode.swift; path = HexagonParameters.swift; sourceTree = "<group>"; };
		45C36F75295953D600EC66E0 /* BadgeBackground.swift */ = {isa = PBXFileReference; lastKnownFileType = sourcecode.swift; path = BadgeBackground.swift; sourceTree = "<group>"; };
		45C36F77295959D100EC66E0 /* BadgeSymbol.swift */ = {isa = PBXFileReference; lastKnownFileType = sourcecode.swift; path = BadgeSymbol.swift; sourceTree = "<group>"; };
		45C36F7929595AC300EC66E0 /* RotatedBadgeSymbol.swift */ = {isa = PBXFileReference; lastKnownFileType = sourcecode.swift; path = RotatedBadgeSymbol.swift; sourceTree = "<group>"; };
		45C36F7B29595B8100EC66E0 /* Badge.swift */ = {isa = PBXFileReference; lastKnownFileType = sourcecode.swift; path = Badge.swift; sourceTree = "<group>"; };
		45C36F7E29595F1B00EC66E0 /* hikeData.json */ = {isa = PBXFileReference; fileEncoding = 4; lastKnownFileType = text.json; path = hikeData.json; sourceTree = "<group>"; };
		45C36F8029595F4300EC66E0 /* Hike.swift */ = {isa = PBXFileReference; lastKnownFileType = sourcecode.swift; path = Hike.swift; sourceTree = "<group>"; };
		45C36F8329595FE500EC66E0 /* GraphCapsule.swift */ = {isa = PBXFileReference; fileEncoding = 4; lastKnownFileType = sourcecode.swift; path = GraphCapsule.swift; sourceTree = "<group>"; };
		45C36F8429595FE500EC66E0 /* HikeGraph.swift */ = {isa = PBXFileReference; fileEncoding = 4; lastKnownFileType = sourcecode.swift; path = HikeGraph.swift; sourceTree = "<group>"; };
		45C36F8529595FE500EC66E0 /* HikeDetail.swift */ = {isa = PBXFileReference; fileEncoding = 4; lastKnownFileType = sourcecode.swift; path = HikeDetail.swift; sourceTree = "<group>"; };
		45C36F8629595FE500EC66E0 /* HikeView.swift */ = {isa = PBXFileReference; fileEncoding = 4; lastKnownFileType = sourcecode.swift; path = HikeView.swift; sourceTree = "<group>"; };
/* End PBXFileReference section */

/* Begin PBXFrameworksBuildPhase section */
		45A0C5A82943DCFC00F020C4 /* Frameworks */ = {
			isa = PBXFrameworksBuildPhase;
			buildActionMask = 2147483647;
			files = (
			);
			runOnlyForDeploymentPostprocessing = 0;
		};
/* End PBXFrameworksBuildPhase section */

/* Begin PBXGroup section */
		4501AEEF294C360C00044929 /* Views */ = {
			isa = PBXGroup;
			children = (
				45C36F8229595FE500EC66E0 /* Hikes */,
				45C36F7D29595CC500EC66E0 /* Badges */,
				45C36F7229594F7F00EC66E0 /* Landmarks */,
				45C36F7129594F5E00EC66E0 /* Helpers */,
				45A0C5B02943DCFC00F020C4 /* ContentView.swift */,
			);
			path = Views;
			sourceTree = "<group>";
		};
		4501AEF0294C361A00044929 /* Model */ = {
			isa = PBXGroup;
			children = (
				4501AEEB294C309600044929 /* Landmark.swift */,
				4501AEED294C33D900044929 /* ModelData.swift */,
				45C36F8029595F4300EC66E0 /* Hike.swift */,
			);
			path = Model;
			sourceTree = "<group>";
		};
		4501AEF1294C362500044929 /* Resources */ = {
			isa = PBXGroup;
			children = (
				45C36F7E29595F1B00EC66E0 /* hikeData.json */,
				4501AEE9294C307400044929 /* landmarkData.json */,
			);
			path = Resources;
			sourceTree = "<group>";
		};
		45A0C5A22943DCFC00F020C4 = {
			isa = PBXGroup;
			children = (
				45A0C5AD2943DCFC00F020C4 /* Landmarks */,
				45A0C5AC2943DCFC00F020C4 /* Products */,
			);
			sourceTree = "<group>";
		};
		45A0C5AC2943DCFC00F020C4 /* Products */ = {
			isa = PBXGroup;
			children = (
				45A0C5AB2943DCFC00F020C4 /* Landmarks.app */,
			);
			name = Products;
			sourceTree = "<group>";
		};
		45A0C5AD2943DCFC00F020C4 /* Landmarks */ = {
			isa = PBXGroup;
			children = (
				4501AEF1294C362500044929 /* Resources */,
				4501AEF0294C361A00044929 /* Model */,
				4501AEEF294C360C00044929 /* Views */,
				45A0C5AE2943DCFC00F020C4 /* LandmarksApp.swift */,
				45A0C5B22943DCFD00F020C4 /* Assets.xcassets */,
				45A0C5B42943DCFD00F020C4 /* Preview Content */,
			);
			path = Landmarks;
			sourceTree = "<group>";
		};
		45A0C5B42943DCFD00F020C4 /* Preview Content */ = {
			isa = PBXGroup;
			children = (
				45A0C5B52943DCFD00F020C4 /* Preview Assets.xcassets */,
			);
			path = "Preview Content";
			sourceTree = "<group>";
		};
		45C36F7129594F5E00EC66E0 /* Helpers */ = {
			isa = PBXGroup;
			children = (
				45A0C5BE2943E89900F020C4 /* CircleImage.swift */,
				4501AEE7294C264100044929 /* MapView.swift */,
				45C36F6F2958EA8300EC66E0 /* FavoriteButton.swift */,
			);
			path = Helpers;
			sourceTree = "<group>";
		};
		45C36F7229594F7F00EC66E0 /* Landmarks */ = {
			isa = PBXGroup;
			children = (
				4501AEF2294C373A00044929 /* LandmarkRow.swift */,
				45C36F6B2953E38500EC66E0 /* LandmarkList.swift */,
				45C36F6D2953E5DB00EC66E0 /* LandmarkDetail.swift */,
			);
			path = Landmarks;
			sourceTree = "<group>";
		};
		45C36F7D29595CC500EC66E0 /* Badges */ = {
			isa = PBXGroup;
			children = (
				45C36F732959521700EC66E0 /* HexagonParameters.swift */,
				45C36F75295953D600EC66E0 /* BadgeBackground.swift */,
				45C36F77295959D100EC66E0 /* BadgeSymbol.swift */,
				45C36F7929595AC300EC66E0 /* RotatedBadgeSymbol.swift */,
				45C36F7B29595B8100EC66E0 /* Badge.swift */,
			);
			path = Badges;
			sourceTree = "<group>";
		};
		45C36F8229595FE500EC66E0 /* Hikes */ = {
			isa = PBXGroup;
			children = (
				45C36F8329595FE500EC66E0 /* GraphCapsule.swift */,
				45C36F8429595FE500EC66E0 /* HikeGraph.swift */,
				45C36F8529595FE500EC66E0 /* HikeDetail.swift */,
				45C36F8629595FE500EC66E0 /* HikeView.swift */,
			);
			path = Hikes;
			sourceTree = "<group>";
		};
/* End PBXGroup section */

/* Begin PBXNativeTarget section */
		45A0C5AA2943DCFC00F020C4 /* Landmarks */ = {
			isa = PBXNativeTarget;
			buildConfigurationList = 45A0C5B92943DCFD00F020C4 /* Build configuration list for PBXNativeTarget "Landmarks" */;
			buildPhases = (
				45A0C5A72943DCFC00F020C4 /* Sources */,
				45A0C5A82943DCFC00F020C4 /* Frameworks */,
				45A0C5A92943DCFC00F020C4 /* Resources */,
			);
			buildRules = (
			);
			dependencies = (
			);
			name = Landmarks;
			productName = Landmarks;
			productReference = 45A0C5AB2943DCFC00F020C4 /* Landmarks.app */;
			productType = "com.apple.product-type.application";
		};
/* End PBXNativeTarget section */

/* Begin PBXProject section */
		45A0C5A32943DCFC00F020C4 /* Project object */ = {
			isa = PBXProject;
			attributes = {
				BuildIndependentTargetsInParallel = 1;
				LastSwiftUpdateCheck = 1410;
				LastUpgradeCheck = 1410;
				TargetAttributes = {
					45A0C5AA2943DCFC00F020C4 = {
						CreatedOnToolsVersion = 14.1;
					};
				};
			};
			buildConfigurationList = 45A0C5A62943DCFC00F020C4 /* Build configuration list for PBXProject "Landmarks" */;
			compatibilityVersion = "Xcode 14.0";
			developmentRegion = en;
			hasScannedForEncodings = 0;
			knownRegions = (
				en,
				Base,
			);
			mainGroup = 45A0C5A22943DCFC00F020C4;
			productRefGroup = 45A0C5AC2943DCFC00F020C4 /* Products */;
			projectDirPath = "";
			projectRoot = "";
			targets = (
				45A0C5AA2943DCFC00F020C4 /* Landmarks */,
			);
		};
/* End PBXProject section */

/* Begin PBXResourcesBuildPhase section */
		45A0C5A92943DCFC00F020C4 /* Resources */ = {
			isa = PBXResourcesBuildPhase;
			buildActionMask = 2147483647;
			files = (
				45C36F7F29595F1B00EC66E0 /* hikeData.json in Resources */,
				45A0C5B62943DCFD00F020C4 /* Preview Assets.xcassets in Resources */,
				45A0C5B32943DCFD00F020C4 /* Assets.xcassets in Resources */,
				4501AEEA294C307400044929 /* landmarkData.json in Resources */,
			);
			runOnlyForDeploymentPostprocessing = 0;
		};
/* End PBXResourcesBuildPhase section */

/* Begin PBXSourcesBuildPhase section */
		45A0C5A72943DCFC00F020C4 /* Sources */ = {
			isa = PBXSourcesBuildPhase;
			buildActionMask = 2147483647;
			files = (
				45A0C5B12943DCFC00F020C4 /* ContentView.swift in Sources */,
				45C36F8829595FE500EC66E0 /* HikeGraph.swift in Sources */,
				45C36F7C29595B8100EC66E0 /* Badge.swift in Sources */,
				4501AEE8294C264100044929 /* MapView.swift in Sources */,
				45C36F8729595FE500EC66E0 /* GraphCapsule.swift in Sources */,
				45C36F6C2953E38500EC66E0 /* LandmarkList.swift in Sources */,
				45C36F702958EA8300EC66E0 /* FavoriteButton.swift in Sources */,
				45C36F8929595FE500EC66E0 /* HikeDetail.swift in Sources */,
				45C36F742959521700EC66E0 /* HexagonParameters.swift in Sources */,
				45C36F8129595F4300EC66E0 /* Hike.swift in Sources */,
				45C36F7A29595AC300EC66E0 /* RotatedBadgeSymbol.swift in Sources */,
				45C36F78295959D100EC66E0 /* BadgeSymbol.swift in Sources */,
				45A0C5AF2943DCFC00F020C4 /* LandmarksApp.swift in Sources */,
				45C36F8A29595FE500EC66E0 /* HikeView.swift in Sources */,
				45C36F6E2953E5DB00EC66E0 /* LandmarkDetail.swift in Sources */,
				45C36F76295953D600EC66E0 /* BadgeBackground.swift in Sources */,
				45A0C5BF2943E89900F020C4 /* CircleImage.swift in Sources */,
				4501AEEC294C309600044929 /* Landmark.swift in Sources */,
				4501AEF3294C373A00044929 /* LandmarkRow.swift in Sources */,
				4501AEEE294C33D900044929 /* ModelData.swift in Sources */,
			);
			runOnlyForDeploymentPostprocessing = 0;
		};
/* End PBXSourcesBuildPhase section */

/* Begin XCBuildConfiguration section */
		45A0C5B72943DCFD00F020C4 /* Debug */ = {
			isa = XCBuildConfiguration;
			buildSettings = {
				ALWAYS_SEARCH_USER_PATHS = NO;
				CLANG_ANALYZER_NONNULL = YES;
				CLANG_ANALYZER_NUMBER_OBJECT_CONVERSION = YES_AGGRESSIVE;
				CLANG_CXX_LANGUAGE_STANDARD = "gnu++20";
				CLANG_ENABLE_MODULES = YES;
				CLANG_ENABLE_OBJC_ARC = YES;
				CLANG_ENABLE_OBJC_WEAK = YES;
				CLANG_WARN_BLOCK_CAPTURE_AUTORELEASING = YES;
				CLANG_WARN_BOOL_CONVERSION = YES;
				CLANG_WARN_COMMA = YES;
				CLANG_WARN_CONSTANT_CONVERSION = YES;
				CLANG_WARN_DEPRECATED_OBJC_IMPLEMENTATIONS = YES;
				CLANG_WARN_DIRECT_OBJC_ISA_USAGE = YES_ERROR;
				CLANG_WARN_DOCUMENTATION_COMMENTS = YES;
				CLANG_WARN_EMPTY_BODY = YES;
				CLANG_WARN_ENUM_CONVERSION = YES;
				CLANG_WARN_INFINITE_RECURSION = YES;
				CLANG_WARN_INT_CONVERSION = YES;
				CLANG_WARN_NON_LITERAL_NULL_CONVERSION = YES;
				CLANG_WARN_OBJC_IMPLICIT_RETAIN_SELF = YES;
				CLANG_WARN_OBJC_LITERAL_CONVERSION = YES;
				CLANG_WARN_OBJC_ROOT_CLASS = YES_ERROR;
				CLANG_WARN_QUOTED_INCLUDE_IN_FRAMEWORK_HEADER = YES;
				CLANG_WARN_RANGE_LOOP_ANALYSIS = YES;
				CLANG_WARN_STRICT_PROTOTYPES = YES;
				CLANG_WARN_SUSPICIOUS_MOVE = YES;
				CLANG_WARN_UNGUARDED_AVAILABILITY = YES_AGGRESSIVE;
				CLANG_WARN_UNREACHABLE_CODE = YES;
				CLANG_WARN__DUPLICATE_METHOD_MATCH = YES;
				COPY_PHASE_STRIP = NO;
				DEBUG_INFORMATION_FORMAT = dwarf;
				ENABLE_STRICT_OBJC_MSGSEND = YES;
				ENABLE_TESTABILITY = YES;
				GCC_C_LANGUAGE_STANDARD = gnu11;
				GCC_DYNAMIC_NO_PIC = NO;
				GCC_NO_COMMON_BLOCKS = YES;
				GCC_OPTIMIZATION_LEVEL = 0;
				GCC_PREPROCESSOR_DEFINITIONS = (
					"DEBUG=1",
					"$(inherited)",
				);
				GCC_WARN_64_TO_32_BIT_CONVERSION = YES;
				GCC_WARN_ABOUT_RETURN_TYPE = YES_ERROR;
				GCC_WARN_UNDECLARED_SELECTOR = YES;
				GCC_WARN_UNINITIALIZED_AUTOS = YES_AGGRESSIVE;
				GCC_WARN_UNUSED_FUNCTION = YES;
				GCC_WARN_UNUSED_VARIABLE = YES;
				IPHONEOS_DEPLOYMENT_TARGET = 16.1;
				MTL_ENABLE_DEBUG_INFO = INCLUDE_SOURCE;
				MTL_FAST_MATH = YES;
				ONLY_ACTIVE_ARCH = YES;
				SDKROOT = iphoneos;
				SWIFT_ACTIVE_COMPILATION_CONDITIONS = DEBUG;
				SWIFT_OPTIMIZATION_LEVEL = "-Onone";
			};
			name = Debug;
		};
		45A0C5B82943DCFD00F020C4 /* Release */ = {
			isa = XCBuildConfiguration;
			buildSettings = {
				ALWAYS_SEARCH_USER_PATHS = NO;
				CLANG_ANALYZER_NONNULL = YES;
				CLANG_ANALYZER_NUMBER_OBJECT_CONVERSION = YES_AGGRESSIVE;
				CLANG_CXX_LANGUAGE_STANDARD = "gnu++20";
				CLANG_ENABLE_MODULES = YES;
				CLANG_ENABLE_OBJC_ARC = YES;
				CLANG_ENABLE_OBJC_WEAK = YES;
				CLANG_WARN_BLOCK_CAPTURE_AUTORELEASING = YES;
				CLANG_WARN_BOOL_CONVERSION = YES;
				CLANG_WARN_COMMA = YES;
				CLANG_WARN_CONSTANT_CONVERSION = YES;
				CLANG_WARN_DEPRECATED_OBJC_IMPLEMENTATIONS = YES;
				CLANG_WARN_DIRECT_OBJC_ISA_USAGE = YES_ERROR;
				CLANG_WARN_DOCUMENTATION_COMMENTS = YES;
				CLANG_WARN_EMPTY_BODY = YES;
				CLANG_WARN_ENUM_CONVERSION = YES;
				CLANG_WARN_INFINITE_RECURSION = YES;
				CLANG_WARN_INT_CONVERSION = YES;
				CLANG_WARN_NON_LITERAL_NULL_CONVERSION = YES;
				CLANG_WARN_OBJC_IMPLICIT_RETAIN_SELF = YES;
				CLANG_WARN_OBJC_LITERAL_CONVERSION = YES;
				CLANG_WARN_OBJC_ROOT_CLASS = YES_ERROR;
				CLANG_WARN_QUOTED_INCLUDE_IN_FRAMEWORK_HEADER = YES;
				CLANG_WARN_RANGE_LOOP_ANALYSIS = YES;
				CLANG_WARN_STRICT_PROTOTYPES = YES;
				CLANG_WARN_SUSPICIOUS_MOVE = YES;
				CLANG_WARN_UNGUARDED_AVAILABILITY = YES_AGGRESSIVE;
				CLANG_WARN_UNREACHABLE_CODE = YES;
				CLANG_WARN__DUPLICATE_METHOD_MATCH = YES;
				COPY_PHASE_STRIP = NO;
				DEBUG_INFORMATION_FORMAT = "dwarf-with-dsym";
				ENABLE_NS_ASSERTIONS = NO;
				ENABLE_STRICT_OBJC_MSGSEND = YES;
				GCC_C_LANGUAGE_STANDARD = gnu11;
				GCC_NO_COMMON_BLOCKS = YES;
				GCC_WARN_64_TO_32_BIT_CONVERSION = YES;
				GCC_WARN_ABOUT_RETURN_TYPE = YES_ERROR;
				GCC_WARN_UNDECLARED_SELECTOR = YES;
				GCC_WARN_UNINITIALIZED_AUTOS = YES_AGGRESSIVE;
				GCC_WARN_UNUSED_FUNCTION = YES;
				GCC_WARN_UNUSED_VARIABLE = YES;
				IPHONEOS_DEPLOYMENT_TARGET = 16.1;
				MTL_ENABLE_DEBUG_INFO = NO;
				MTL_FAST_MATH = YES;
				SDKROOT = iphoneos;
				SWIFT_COMPILATION_MODE = wholemodule;
				SWIFT_OPTIMIZATION_LEVEL = "-O";
				VALIDATE_PRODUCT = YES;
			};
			name = Release;
		};
		45A0C5BA2943DCFD00F020C4 /* Debug */ = {
			isa = XCBuildConfiguration;
			buildSettings = {
				ASSETCATALOG_COMPILER_APPICON_NAME = AppIcon;
				ASSETCATALOG_COMPILER_GLOBAL_ACCENT_COLOR_NAME = AccentColor;
				CODE_SIGN_STYLE = Automatic;
				CURRENT_PROJECT_VERSION = 1;
				DEVELOPMENT_ASSET_PATHS = "\"Landmarks/Preview Content\"";
				ENABLE_PREVIEWS = YES;
				GENERATE_INFOPLIST_FILE = YES;
				INFOPLIST_KEY_UIApplicationSceneManifest_Generation = YES;
				INFOPLIST_KEY_UIApplicationSupportsIndirectInputEvents = YES;
				INFOPLIST_KEY_UILaunchScreen_Generation = YES;
				INFOPLIST_KEY_UISupportedInterfaceOrientations_iPad = "UIInterfaceOrientationPortrait UIInterfaceOrientationPortraitUpsideDown UIInterfaceOrientationLandscapeLeft UIInterfaceOrientationLandscapeRight";
				INFOPLIST_KEY_UISupportedInterfaceOrientations_iPhone = "UIInterfaceOrientationPortrait UIInterfaceOrientationLandscapeLeft UIInterfaceOrientationLandscapeRight";
				LD_RUNPATH_SEARCH_PATHS = (
					"$(inherited)",
					"@executable_path/Frameworks",
				);
				MARKETING_VERSION = 1.0;
				PRODUCT_BUNDLE_IDENTIFIER = com.rcm.Landmarks;
				PRODUCT_NAME = "$(TARGET_NAME)";
				SWIFT_EMIT_LOC_STRINGS = YES;
				SWIFT_VERSION = 5.0;
				TARGETED_DEVICE_FAMILY = "1,2";
			};
			name = Debug;
		};
		45A0C5BB2943DCFD00F020C4 /* Release */ = {
			isa = XCBuildConfiguration;
			buildSettings = {
				ASSETCATALOG_COMPILER_APPICON_NAME = AppIcon;
				ASSETCATALOG_COMPILER_GLOBAL_ACCENT_COLOR_NAME = AccentColor;
				CODE_SIGN_STYLE = Automatic;
				CURRENT_PROJECT_VERSION = 1;
				DEVELOPMENT_ASSET_PATHS = "\"Landmarks/Preview Content\"";
				ENABLE_PREVIEWS = YES;
				GENERATE_INFOPLIST_FILE = YES;
				INFOPLIST_KEY_UIApplicationSceneManifest_Generation = YES;
				INFOPLIST_KEY_UIApplicationSupportsIndirectInputEvents = YES;
				INFOPLIST_KEY_UILaunchScreen_Generation = YES;
				INFOPLIST_KEY_UISupportedInterfaceOrientations_iPad = "UIInterfaceOrientationPortrait UIInterfaceOrientationPortraitUpsideDown UIInterfaceOrientationLandscapeLeft UIInterfaceOrientationLandscapeRight";
				INFOPLIST_KEY_UISupportedInterfaceOrientations_iPhone = "UIInterfaceOrientationPortrait UIInterfaceOrientationLandscapeLeft UIInterfaceOrientationLandscapeRight";
				LD_RUNPATH_SEARCH_PATHS = (
					"$(inherited)",
					"@executable_path/Frameworks",
				);
				MARKETING_VERSION = 1.0;
				PRODUCT_BUNDLE_IDENTIFIER = com.rcm.Landmarks;
				PRODUCT_NAME = "$(TARGET_NAME)";
				SWIFT_EMIT_LOC_STRINGS = YES;
				SWIFT_VERSION = 5.0;
				TARGETED_DEVICE_FAMILY = "1,2";
			};
			name = Release;
		};
/* End XCBuildConfiguration section */

/* Begin XCConfigurationList section */
		45A0C5A62943DCFC00F020C4 /* Build configuration list for PBXProject "Landmarks" */ = {
			isa = XCConfigurationList;
			buildConfigurations = (
				45A0C5B72943DCFD00F020C4 /* Debug */,
				45A0C5B82943DCFD00F020C4 /* Release */,
			);
			defaultConfigurationIsVisible = 0;
			defaultConfigurationName = Release;
		};
		45A0C5B92943DCFD00F020C4 /* Build configuration list for PBXNativeTarget "Landmarks" */ = {
			isa = XCConfigurationList;
			buildConfigurations = (
				45A0C5BA2943DCFD00F020C4 /* Debug */,
				45A0C5BB2943DCFD00F020C4 /* Release */,
			);
			defaultConfigurationIsVisible = 0;
			defaultConfigurationName = Release;
		};
/* End XCConfigurationList section */
	};
	rootObject = 45A0C5A32943DCFC00F020C4 /* Project object */;
}
